
Microsoft Visual Studio Solution File, Format Version 12.00
# Visual Studio Version 16
VisualStudioVersion = 16.0.32126.315
MinimumVisualStudioVersion = 10.0.40219.1
Project("{8BC9CEB8-8B4A-11D0-8D11-00A0C91BC942}") = "HTconv", "HTconv.vcxproj", "{38856EEB-00D2-46B0-ABC7-4A3D5513EA02}"
EndProject
Global
	GlobalSection(SolutionConfigurationPlatforms) = preSolution
		Debug|Win32 = Debug|Win32
		Debug|x64 = Debug|x64
		Release|Win32 = Release|Win32
		Release|x64 = Release|x64
	EndGlobalSection
	GlobalSection(ProjectConfigurationPlatforms) = postSolution
		{38856EEB-00D2-46B0-ABC7-4A3D5513EA02}.Debug|Win32.ActiveCfg = Debug|Win32
		{38856EEB-00D2-46B0-ABC7-4A3D5513EA02}.Debug|Win32.Build.0 = Debug|Win32
		{38856EEB-00D2-46B0-ABC7-4A3D5513EA02}.Debug|x64.ActiveCfg = Debug|x64
		{38856EEB-00D2-46B0-ABC7-4A3D5513EA02}.Debug|x64.Build.0 = Debug|x64
		{38856EEB-00D2-46B0-ABC7-4A3D5513EA02}.Release|Win32.ActiveCfg = Release|Win32
		{38856EEB-00D2-46B0-ABC7-4A3D5513EA02}.Release|Win32.Build.0 = Release|Win32
		{38856EEB-00D2-46B0-ABC7-4A3D5513EA02}.Release|x64.ActiveCfg = Release|x64
		{38856EEB-00D2-46B0-ABC7-4A3D5513EA02}.Release|x64.Build.0 = Release|x64
	EndGlobalSection
	GlobalSection(SolutionProperties) = preSolution
		HideSolutionNode = FALSE
	EndGlobalSection
	GlobalSection(ExtensibilityGlobals) = postSolution
		SolutionGuid = {48660CAA-D309-4EF6-81D0-8D7663A34262}
	EndGlobalSection
EndGlobal
